
Microsoft Visual Studio Solution File, Format Version 12.00
# Visual Studio 15
VisualStudioVersion = 15.0.27004.2010
MinimumVisualStudioVersion = 10.0.40219.1
Project("{FAE04EC0-301F-11D3-BF4B-00C04F79EFBC}") = "Flujo_Contable", "Flujo_Contable\Flujo_Contable.csproj", "{8DA26491-E9CC-448E-965A-F6FCC93EDF03}"
EndProject
Project("{FAE04EC0-301F-11D3-BF4B-00C04F79EFBC}") = "BLL", "BLL\BLL.csproj", "{BB3B7ADB-0ED5-41B8-A0CF-3FA51A7742C1}"
EndProject
Project("{FAE04EC0-301F-11D3-BF4B-00C04F79EFBC}") = "DAL", "BAL\DAL.csproj", "{B563C7E9-817E-4D6D-860B-82E3A5648544}"
EndProject
Project("{54435603-DBB4-11D2-8724-00A0C9A8B90C}") = "PuntoAmericano", "PuntoAmericano\PuntoAmericano.vdproj", "{C3D13368-77FB-41D9-838D-D34AA329CED4}"
EndProject
Global
	GlobalSection(SolutionConfigurationPlatforms) = preSolution
		Debug|Any CPU = Debug|Any CPU
		Release|Any CPU = Release|Any CPU
	EndGlobalSection
	GlobalSection(ProjectConfigurationPlatforms) = postSolution
		{8DA26491-E9CC-448E-965A-F6FCC93EDF03}.Debug|Any CPU.ActiveCfg = Debug|Any CPU
		{8DA26491-E9CC-448E-965A-F6FCC93EDF03}.Debug|Any CPU.Build.0 = Debug|Any CPU
		{8DA26491-E9CC-448E-965A-F6FCC93EDF03}.Release|Any CPU.ActiveCfg = Release|Any CPU
		{8DA26491-E9CC-448E-965A-F6FCC93EDF03}.Release|Any CPU.Build.0 = Release|Any CPU
		{BB3B7ADB-0ED5-41B8-A0CF-3FA51A7742C1}.Debug|Any CPU.ActiveCfg = Debug|Any CPU
		{BB3B7ADB-0ED5-41B8-A0CF-3FA51A7742C1}.Debug|Any CPU.Build.0 = Debug|Any CPU
		{BB3B7ADB-0ED5-41B8-A0CF-3FA51A7742C1}.Release|Any CPU.ActiveCfg = Release|Any CPU
		{BB3B7ADB-0ED5-41B8-A0CF-3FA51A7742C1}.Release|Any CPU.Build.0 = Release|Any CPU
		{B563C7E9-817E-4D6D-860B-82E3A5648544}.Debug|Any CPU.ActiveCfg = Debug|Any CPU
		{B563C7E9-817E-4D6D-860B-82E3A5648544}.Debug|Any CPU.Build.0 = Debug|Any CPU
		{B563C7E9-817E-4D6D-860B-82E3A5648544}.Release|Any CPU.ActiveCfg = Release|Any CPU
		{B563C7E9-817E-4D6D-860B-82E3A5648544}.Release|Any CPU.Build.0 = Release|Any CPU
		{C3D13368-77FB-41D9-838D-D34AA329CED4}.Debug|Any CPU.ActiveCfg = Debug
		{C3D13368-77FB-41D9-838D-D34AA329CED4}.Release|Any CPU.ActiveCfg = Release
	EndGlobalSection
	GlobalSection(SolutionProperties) = preSolution
		HideSolutionNode = FALSE
	EndGlobalSection
	GlobalSection(ExtensibilityGlobals) = postSolution
		SolutionGuid = {FFCFEDF4-6D34-4938-A77C-FFC8B7202212}
	EndGlobalSection
EndGlobal
